
Microsoft Visual Studio Solution File, Format Version 12.00
# Visual Studio Version 17
VisualStudioVersion = 17.3.32922.545
MinimumVisualStudioVersion = 10.0.40219.1
Project("{9A19103F-16F7-4668-BE54-9A1E7A4F7556}") = "AutomationFramework", "AutomationFramework\AutomationFramework.csproj", "{7689D184-CA61-4677-AAD5-8FE06FFC3BC2}"
EndProject
Project("{9A19103F-16F7-4668-BE54-9A1E7A4F7556}") = "RegressionUiTests", "RegressionUiTests\RegressionUiTests.csproj", "{8D353FAC-F0EF-4999-B46F-D7EB45673AA9}"
EndProject
Project("{9A19103F-16F7-4668-BE54-9A1E7A4F7556}") = "RegressionApiTests", "RegressionApiTests\RegressionApiTests.csproj", "{B70C26C8-E4C1-47A1-973A-79D8F0FA8B55}"
EndProject
Project("{9A19103F-16F7-4668-BE54-9A1E7A4F7556}") = "TestConfigurator", "TestConfigurator\TestConfigurator.csproj", "{5EA4EE8C-5AB7-40EE-B761-46DE4252C75E}"
EndProject
Project("{2150E333-8FDC-42A3-9474-1A3956D46DE8}") = "Solution Items", "Solution Items", "{6724B43F-2F28-464B-9889-BDC127460CC6}"
	ProjectSection(SolutionItems) = preProject
		azure-pipelines.yml = azure-pipelines.yml
	EndProjectSection
EndProject
Global
	GlobalSection(SolutionConfigurationPlatforms) = preSolution
		Debug|Any CPU = Debug|Any CPU
		Release|Any CPU = Release|Any CPU
	EndGlobalSection
	GlobalSection(ProjectConfigurationPlatforms) = postSolution
		{7689D184-CA61-4677-AAD5-8FE06FFC3BC2}.Debug|Any CPU.ActiveCfg = Debug|Any CPU
		{7689D184-CA61-4677-AAD5-8FE06FFC3BC2}.Debug|Any CPU.Build.0 = Debug|Any CPU
		{7689D184-CA61-4677-AAD5-8FE06FFC3BC2}.Release|Any CPU.ActiveCfg = Release|Any CPU
		{7689D184-CA61-4677-AAD5-8FE06FFC3BC2}.Release|Any CPU.Build.0 = Release|Any CPU
		{8D353FAC-F0EF-4999-B46F-D7EB45673AA9}.Debug|Any CPU.ActiveCfg = Debug|Any CPU
		{8D353FAC-F0EF-4999-B46F-D7EB45673AA9}.Debug|Any CPU.Build.0 = Debug|Any CPU
		{8D353FAC-F0EF-4999-B46F-D7EB45673AA9}.Release|Any CPU.ActiveCfg = Release|Any CPU
		{8D353FAC-F0EF-4999-B46F-D7EB45673AA9}.Release|Any CPU.Build.0 = Release|Any CPU
		{B70C26C8-E4C1-47A1-973A-79D8F0FA8B55}.Debug|Any CPU.ActiveCfg = Debug|Any CPU
		{B70C26C8-E4C1-47A1-973A-79D8F0FA8B55}.Debug|Any CPU.Build.0 = Debug|Any CPU
		{B70C26C8-E4C1-47A1-973A-79D8F0FA8B55}.Release|Any CPU.ActiveCfg = Release|Any CPU
		{B70C26C8-E4C1-47A1-973A-79D8F0FA8B55}.Release|Any CPU.Build.0 = Release|Any CPU
		{5EA4EE8C-5AB7-40EE-B761-46DE4252C75E}.Debug|Any CPU.ActiveCfg = Debug|Any CPU
		{5EA4EE8C-5AB7-40EE-B761-46DE4252C75E}.Debug|Any CPU.Build.0 = Debug|Any CPU
		{5EA4EE8C-5AB7-40EE-B761-46DE4252C75E}.Release|Any CPU.ActiveCfg = Release|Any CPU
		{5EA4EE8C-5AB7-40EE-B761-46DE4252C75E}.Release|Any CPU.Build.0 = Release|Any CPU
	EndGlobalSection
	GlobalSection(SolutionProperties) = preSolution
		HideSolutionNode = FALSE
	EndGlobalSection
	GlobalSection(ExtensibilityGlobals) = postSolution
		SolutionGuid = {01813C72-8787-4E9C-804E-C318BD2DECBE}
	EndGlobalSection
EndGlobal
